
Microsoft Visual Studio Solution File, Format Version 12.00
# Visual Studio 15
VisualStudioVersion = 15.0.28307.572
MinimumVisualStudioVersion = 10.0.40219.1
Project("{FAE04EC0-301F-11D3-BF4B-00C04F79EFBC}") = "CompareArrays", "CompareArrays\CompareArrays.csproj", "{8BA7194A-1B76-482C-B0B0-38EFC18B54CB}"
EndProject
Global
	GlobalSection(SolutionConfigurationPlatforms) = preSolution
		Debug|Any CPU = Debug|Any CPU
		Release|Any CPU = Release|Any CPU
	EndGlobalSection
	GlobalSection(ProjectConfigurationPlatforms) = postSolution
		{8BA7194A-1B76-482C-B0B0-38EFC18B54CB}.Debug|Any CPU.ActiveCfg = Debug|Any CPU
		{8BA7194A-1B76-482C-B0B0-38EFC18B54CB}.Debug|Any CPU.Build.0 = Debug|Any CPU
		{8BA7194A-1B76-482C-B0B0-38EFC18B54CB}.Release|Any CPU.ActiveCfg = Release|Any CPU
		{8BA7194A-1B76-482C-B0B0-38EFC18B54CB}.Release|Any CPU.Build.0 = Release|Any CPU
	EndGlobalSection
	GlobalSection(SolutionProperties) = preSolution
		HideSolutionNode = FALSE
	EndGlobalSection
	GlobalSection(ExtensibilityGlobals) = postSolution
		SolutionGuid = {B5137C66-6B8D-4221-81E0-2FF3ADACD176}
	EndGlobalSection
EndGlobal
